Microsoft Visual Studio Solution File, Format Version 12.00
# Visual Studio 15
VisualStudioVersion = 15.0.27004.2006
MinimumVisualStudioVersion = 15.0.26124.0
Project("{2150E333-8FDC-42A3-9474-1A3956D46DE8}") = "src", "src", "{1E0AEF46-5436-45FE-A1C6-29FFDC5F27DA}"
EndProject
Project("{9A19103F-16F7-4668-BE54-9A1E7A4F7556}") = "SqliteFileSystem", "src\SqLiteFileSystem\SqliteFileSystem.csproj", "{782608A3-75D6-41E4-94F3-C152B9BFA244}"
EndProject
Project("{2150E333-8FDC-42A3-9474-1A3956D46DE8}") = "test", "test", "{D95C7B3B-C7F9-4B2B-88D3-7B2DEDA9E034}"
EndProject
Project("{9A19103F-16F7-4668-BE54-9A1E7A4F7556}") = "SqliteFileSystem.Tests", "test\SqliteFileSystem.Tests\SqliteFileSystem.Tests.csproj", "{7D3FD807-076E-4787-9945-79B78AB5D196}"
EndProject
Global
	GlobalSection(SolutionConfigurationPlatforms) = preSolution
		Debug|Any CPU = Debug|Any CPU
		Debug|x64 = Debug|x64
		Debug|x86 = Debug|x86
		Release|Any CPU = Release|Any CPU
		Release|x64 = Release|x64
		Release|x86 = Release|x86
	EndGlobalSection
	GlobalSection(ProjectConfigurationPlatforms) = postSolution
		{782608A3-75D6-41E4-94F3-C152B9BFA244}.Debug|Any CPU.ActiveCfg = Debug|Any CPU
		{782608A3-75D6-41E4-94F3-C152B9BFA244}.Debug|Any CPU.Build.0 = Debug|Any CPU
		{782608A3-75D6-41E4-94F3-C152B9BFA244}.Debug|x64.ActiveCfg = Debug|Any CPU
		{782608A3-75D6-41E4-94F3-C152B9BFA244}.Debug|x64.Build.0 = Debug|Any CPU
		{782608A3-75D6-41E4-94F3-C152B9BFA244}.Debug|x86.ActiveCfg = Debug|Any CPU
		{782608A3-75D6-41E4-94F3-C152B9BFA244}.Debug|x86.Build.0 = Debug|Any CPU
		{782608A3-75D6-41E4-94F3-C152B9BFA244}.Release|Any CPU.ActiveCfg = Release|Any CPU
		{782608A3-75D6-41E4-94F3-C152B9BFA244}.Release|Any CPU.Build.0 = Release|Any CPU
		{782608A3-75D6-41E4-94F3-C152B9BFA244}.Release|x64.ActiveCfg = Release|Any CPU
		{782608A3-75D6-41E4-94F3-C152B9BFA244}.Release|x64.Build.0 = Release|Any CPU
		{782608A3-75D6-41E4-94F3-C152B9BFA244}.Release|x86.ActiveCfg = Release|Any CPU
		{782608A3-75D6-41E4-94F3-C152B9BFA244}.Release|x86.Build.0 = Release|Any CPU
		{7D3FD807-076E-4787-9945-79B78AB5D196}.Debug|Any CPU.ActiveCfg = Debug|Any CPU
		{7D3FD807-076E-4787-9945-79B78AB5D196}.Debug|Any CPU.Build.0 = Debug|Any CPU
		{7D3FD807-076E-4787-9945-79B78AB5D196}.Debug|x64.ActiveCfg = Debug|Any CPU
		{7D3FD807-076E-4787-9945-79B78AB5D196}.Debug|x64.Build.0 = Debug|Any CPU
		{7D3FD807-076E-4787-9945-79B78AB5D196}.Debug|x86.ActiveCfg = Debug|Any CPU
		{7D3FD807-076E-4787-9945-79B78AB5D196}.Debug|x86.Build.0 = Debug|Any CPU
		{7D3FD807-076E-4787-9945-79B78AB5D196}.Release|Any CPU.ActiveCfg = Release|Any CPU
		{7D3FD807-076E-4787-9945-79B78AB5D196}.Release|Any CPU.Build.0 = Release|Any CPU
		{7D3FD807-076E-4787-9945-79B78AB5D196}.Release|x64.ActiveCfg = Release|Any CPU
		{7D3FD807-076E-4787-9945-79B78AB5D196}.Release|x64.Build.0 = Release|Any CPU
		{7D3FD807-076E-4787-9945-79B78AB5D196}.Release|x86.ActiveCfg = Release|Any CPU
		{7D3FD807-076E-4787-9945-79B78AB5D196}.Release|x86.Build.0 = Release|Any CPU
	EndGlobalSection
	GlobalSection(SolutionProperties) = preSolution
		HideSolutionNode = FALSE
	EndGlobalSection
	GlobalSection(NestedProjects) = preSolution
		{782608A3-75D6-41E4-94F3-C152B9BFA244} = {1E0AEF46-5436-45FE-A1C6-29FFDC5F27DA}
		{7D3FD807-076E-4787-9945-79B78AB5D196} = {D95C7B3B-C7F9-4B2B-88D3-7B2DEDA9E034}
	EndGlobalSection
	GlobalSection(ExtensibilityGlobals) = postSolution
		SolutionGuid = {5000D0E6-06AC-4FB5-9D8A-6239B87F8A17}
	EndGlobalSection
EndGlobal
